
Microsoft Visual Studio Solution File, Format Version 12.00
# Visual Studio Version 17
VisualStudioVersion = 17.11.35327.3
MinimumVisualStudioVersion = 10.0.40219.1
Project("{9A19103F-16F7-4668-BE54-9A1E7A4F7556}") = "NEZWalksAPI", "NEZWalksAPI\NEZWalksAPI.csproj", "{8819D33F-7ACE-43C4-A8B2-7BD019BC477F}"
EndProject
Project("{FAE04EC0-301F-11D3-BF4B-00C04F79EFBC}") = "NZWalks.UI", "NZWalks.UI\NZWalks.UI.csproj", "{EF0CF0C1-EF7B-46AF-B587-0906270A37C1}"
EndProject
Global
	GlobalSection(SolutionConfigurationPlatforms) = preSolution
		Debug|Any CPU = Debug|Any CPU
		Release|Any CPU = Release|Any CPU
	EndGlobalSection
	GlobalSection(ProjectConfigurationPlatforms) = postSolution
		{8819D33F-7ACE-43C4-A8B2-7BD019BC477F}.Debug|Any CPU.ActiveCfg = Debug|Any CPU
		{8819D33F-7ACE-43C4-A8B2-7BD019BC477F}.Debug|Any CPU.Build.0 = Debug|Any CPU
		{8819D33F-7ACE-43C4-A8B2-7BD019BC477F}.Release|Any CPU.ActiveCfg = Release|Any CPU
		{8819D33F-7ACE-43C4-A8B2-7BD019BC477F}.Release|Any CPU.Build.0 = Release|Any CPU
		{EF0CF0C1-EF7B-46AF-B587-0906270A37C1}.Debug|Any CPU.ActiveCfg = Debug|Any CPU
		{EF0CF0C1-EF7B-46AF-B587-0906270A37C1}.Debug|Any CPU.Build.0 = Debug|Any CPU
		{EF0CF0C1-EF7B-46AF-B587-0906270A37C1}.Release|Any CPU.ActiveCfg = Release|Any CPU
		{EF0CF0C1-EF7B-46AF-B587-0906270A37C1}.Release|Any CPU.Build.0 = Release|Any CPU
	EndGlobalSection
	GlobalSection(SolutionProperties) = preSolution
		HideSolutionNode = FALSE
	EndGlobalSection
	GlobalSection(ExtensibilityGlobals) = postSolution
		SolutionGuid = {7660ED9F-0986-4B5D-9242-6560AF9E95C5}
	EndGlobalSection
EndGlobal
